
Microsoft Visual Studio Solution File, Format Version 12.00
# Visual Studio Version 16
VisualStudioVersion = 16.0.28803.202
MinimumVisualStudioVersion = 10.0.40219.1
Project("{2150E333-8FDC-42A3-9474-1A3956D46DE8}") = "src", "src", "{AFAA0841-BD93-466F-B8F4-FB4EEC86F1FC}"
EndProject
Project("{2150E333-8FDC-42A3-9474-1A3956D46DE8}") = "test", "test", "{F10AA149-2626-486E-85BB-9CD5365F3016}"
EndProject
Project("{9A19103F-16F7-4668-BE54-9A1E7A4F7556}") = "Dow.Core.Core", "src\Dow.Core.Core\Dow.Core.Core.csproj", "{0FA75A5B-AB83-4FD0-B545-279774C01E87}"
EndProject
Project("{9A19103F-16F7-4668-BE54-9A1E7A4F7556}") = "Dow.Core.Application", "src\Dow.Core.Application\Dow.Core.Application.csproj", "{3870C648-4AEA-4B85-BA3F-F2F63B96136A}"
EndProject
Project("{9A19103F-16F7-4668-BE54-9A1E7A4F7556}") = "Dow.Core.EntityFrameworkCore", "src\Dow.Core.EntityFrameworkCore\Dow.Core.EntityFrameworkCore.csproj", "{DC780BC4-4EAC-4C63-9052-6F3169A59FA4}"
EndProject
Project("{9A19103F-16F7-4668-BE54-9A1E7A4F7556}") = "Dow.Core.Tests", "test\Dow.Core.Tests\Dow.Core.Tests.csproj", "{0D4C5D00-C144-4213-A007-4B8944113AB1}"
EndProject
Project("{9A19103F-16F7-4668-BE54-9A1E7A4F7556}") = "Dow.Core.Migrator", "src\Dow.Core.Migrator\Dow.Core.Migrator.csproj", "{3065CD24-7ADE-4A53-8CE6-DA3C401B43EB}"
EndProject
Project("{9A19103F-16F7-4668-BE54-9A1E7A4F7556}") = "Dow.Core.Web.Core", "src\Dow.Core.Web.Core\Dow.Core.Web.Core.csproj", "{E5C8559F-1D0F-4DE8-9B52-8E3325A45A1F}"
EndProject
Project("{9A19103F-16F7-4668-BE54-9A1E7A4F7556}") = "Dow.Core.Web.Host", "src\Dow.Core.Web.Host\Dow.Core.Web.Host.csproj", "{6BF4D98B-7341-4AAE-B28C-3738EF3A2E95}"
EndProject
Global
	GlobalSection(SolutionConfigurationPlatforms) = preSolution
		Debug|Any CPU = Debug|Any CPU
		Release|Any CPU = Release|Any CPU
	EndGlobalSection
	GlobalSection(ProjectConfigurationPlatforms) = postSolution
		{0FA75A5B-AB83-4FD0-B545-279774C01E87}.Debug|Any CPU.ActiveCfg = Debug|Any CPU
		{0FA75A5B-AB83-4FD0-B545-279774C01E87}.Debug|Any CPU.Build.0 = Debug|Any CPU
		{0FA75A5B-AB83-4FD0-B545-279774C01E87}.Release|Any CPU.ActiveCfg = Release|Any CPU
		{0FA75A5B-AB83-4FD0-B545-279774C01E87}.Release|Any CPU.Build.0 = Release|Any CPU
		{3870C648-4AEA-4B85-BA3F-F2F63B96136A}.Debug|Any CPU.ActiveCfg = Debug|Any CPU
		{3870C648-4AEA-4B85-BA3F-F2F63B96136A}.Debug|Any CPU.Build.0 = Debug|Any CPU
		{3870C648-4AEA-4B85-BA3F-F2F63B96136A}.Release|Any CPU.ActiveCfg = Release|Any CPU
		{3870C648-4AEA-4B85-BA3F-F2F63B96136A}.Release|Any CPU.Build.0 = Release|Any CPU
		{DC780BC4-4EAC-4C63-9052-6F3169A59FA4}.Debug|Any CPU.ActiveCfg = Debug|Any CPU
		{DC780BC4-4EAC-4C63-9052-6F3169A59FA4}.Debug|Any CPU.Build.0 = Debug|Any CPU
		{DC780BC4-4EAC-4C63-9052-6F3169A59FA4}.Release|Any CPU.ActiveCfg = Release|Any CPU
		{DC780BC4-4EAC-4C63-9052-6F3169A59FA4}.Release|Any CPU.Build.0 = Release|Any CPU
		{0D4C5D00-C144-4213-A007-4B8944113AB1}.Debug|Any CPU.ActiveCfg = Debug|Any CPU
		{0D4C5D00-C144-4213-A007-4B8944113AB1}.Debug|Any CPU.Build.0 = Debug|Any CPU
		{0D4C5D00-C144-4213-A007-4B8944113AB1}.Release|Any CPU.ActiveCfg = Release|Any CPU
		{0D4C5D00-C144-4213-A007-4B8944113AB1}.Release|Any CPU.Build.0 = Release|Any CPU
		{3065CD24-7ADE-4A53-8CE6-DA3C401B43EB}.Debug|Any CPU.ActiveCfg = Debug|Any CPU
		{3065CD24-7ADE-4A53-8CE6-DA3C401B43EB}.Debug|Any CPU.Build.0 = Debug|Any CPU
		{3065CD24-7ADE-4A53-8CE6-DA3C401B43EB}.Release|Any CPU.ActiveCfg = Release|Any CPU
		{3065CD24-7ADE-4A53-8CE6-DA3C401B43EB}.Release|Any CPU.Build.0 = Release|Any CPU
		{E5C8559F-1D0F-4DE8-9B52-8E3325A45A1F}.Debug|Any CPU.ActiveCfg = Debug|Any CPU
		{E5C8559F-1D0F-4DE8-9B52-8E3325A45A1F}.Debug|Any CPU.Build.0 = Debug|Any CPU
		{E5C8559F-1D0F-4DE8-9B52-8E3325A45A1F}.Release|Any CPU.ActiveCfg = Release|Any CPU
		{E5C8559F-1D0F-4DE8-9B52-8E3325A45A1F}.Release|Any CPU.Build.0 = Release|Any CPU
		{6BF4D98B-7341-4AAE-B28C-3738EF3A2E95}.Debug|Any CPU.ActiveCfg = Debug|Any CPU
		{6BF4D98B-7341-4AAE-B28C-3738EF3A2E95}.Debug|Any CPU.Build.0 = Debug|Any CPU
		{6BF4D98B-7341-4AAE-B28C-3738EF3A2E95}.Release|Any CPU.ActiveCfg = Release|Any CPU
		{6BF4D98B-7341-4AAE-B28C-3738EF3A2E95}.Release|Any CPU.Build.0 = Release|Any CPU
	EndGlobalSection
	GlobalSection(SolutionProperties) = preSolution
		HideSolutionNode = FALSE
	EndGlobalSection
	GlobalSection(NestedProjects) = preSolution
		{0FA75A5B-AB83-4FD0-B545-279774C01E87} = {AFAA0841-BD93-466F-B8F4-FB4EEC86F1FC}
		{3870C648-4AEA-4B85-BA3F-F2F63B96136A} = {AFAA0841-BD93-466F-B8F4-FB4EEC86F1FC}
		{DC780BC4-4EAC-4C63-9052-6F3169A59FA4} = {AFAA0841-BD93-466F-B8F4-FB4EEC86F1FC}
		{0D4C5D00-C144-4213-A007-4B8944113AB1} = {F10AA149-2626-486E-85BB-9CD5365F3016}
		{3065CD24-7ADE-4A53-8CE6-DA3C401B43EB} = {AFAA0841-BD93-466F-B8F4-FB4EEC86F1FC}
		{E5C8559F-1D0F-4DE8-9B52-8E3325A45A1F} = {AFAA0841-BD93-466F-B8F4-FB4EEC86F1FC}
		{6BF4D98B-7341-4AAE-B28C-3738EF3A2E95} = {AFAA0841-BD93-466F-B8F4-FB4EEC86F1FC}
	EndGlobalSection
	GlobalSection(ExtensibilityGlobals) = postSolution
		SolutionGuid = {919FEC99-6C01-41C1-95A7-8D80C006F404}
	EndGlobalSection
EndGlobal
